// !$*UTF8*$!
{
	archiveVersion = 1;
	classes = {
	};
	objectVersion = 56;
	objects = {

/* Begin PBXBuildFile section */
		DDF6A74F2B5552F4003E7075 /* CryptoProfilerIlApp.swift in Sources */ = {isa = PBXBuildFile; fileRef = DDF6A74E2B5552F4003E7075 /* CryptoProfilerIlApp.swift */; };
		DDF6A7532B5552F5003E7075 /* Assets.xcassets in Resources */ = {isa = PBXBuildFile; fileRef = DDF6A7522B5552F5003E7075 /* Assets.xcassets */; };
		DDF6A7562B5552F5003E7075 /* Preview Assets.xcassets in Resources */ = {isa = PBXBuildFile; fileRef = DDF6A7552B5552F5003E7075 /* Preview Assets.xcassets */; };
		DDF6A75F2B5555E2003E7075 /* Color.swift in Sources */ = {isa = PBXBuildFile; fileRef = DDF6A75E2B5555E2003E7075 /* Color.swift */; };
		DDF6A7662B5557F5003E7075 /* HomeView.swift in Sources */ = {isa = PBXBuildFile; fileRef = DDF6A7652B5557F5003E7075 /* HomeView.swift */; };
		DDF6A76A2B5558D6003E7075 /* CircleButtonView.swift in Sources */ = {isa = PBXBuildFile; fileRef = DDF6A7692B5558D6003E7075 /* CircleButtonView.swift */; };
		DDF6A76C2B555BC4003E7075 /* CircleButtonAnimationView.swift in Sources */ = {isa = PBXBuildFile; fileRef = DDF6A76B2B555BC4003E7075 /* CircleButtonAnimationView.swift */; };
		DDF6A76F2B5562FC003E7075 /* Coin.swift in Sources */ = {isa = PBXBuildFile; fileRef = DDF6A76E2B5562FC003E7075 /* Coin.swift */; };
		DDF6A7712B556A00003E7075 /* CoinRowView.swift in Sources */ = {isa = PBXBuildFile; fileRef = DDF6A7702B556A00003E7075 /* CoinRowView.swift */; };
		DDF6A7732B556A5B003E7075 /* PreviewProvider.swift in Sources */ = {isa = PBXBuildFile; fileRef = DDF6A7722B556A5B003E7075 /* PreviewProvider.swift */; };
		DDF6A7752B556E8A003E7075 /* Double.swift in Sources */ = {isa = PBXBuildFile; fileRef = DDF6A7742B556E8A003E7075 /* Double.swift */; };
		DDF6A7772B55779B003E7075 /* HomeViewModel.swift in Sources */ = {isa = PBXBuildFile; fileRef = DDF6A7762B55779B003E7075 /* HomeViewModel.swift */; };
		DDF6A77A2B557F53003E7075 /* CoinDataService.swift in Sources */ = {isa = PBXBuildFile; fileRef = DDF6A7792B557F53003E7075 /* CoinDataService.swift */; };
		DDF6A77D2B5585DA003E7075 /* NetworkingManager.swift in Sources */ = {isa = PBXBuildFile; fileRef = DDF6A77C2B5585DA003E7075 /* NetworkingManager.swift */; };
		DDF6A7802B558D99003E7075 /* cryptoMock.json in Resources */ = {isa = PBXBuildFile; fileRef = DDF6A77F2B558D99003E7075 /* cryptoMock.json */; };
		DDF6A7832B55913D003E7075 /* CoinImageView.swift in Sources */ = {isa = PBXBuildFile; fileRef = DDF6A7822B55913D003E7075 /* CoinImageView.swift */; };
		DDF6A7852B55929F003E7075 /* CoinImageService.swift in Sources */ = {isa = PBXBuildFile; fileRef = DDF6A7842B55929F003E7075 /* CoinImageService.swift */; };
		DDF6A7872B5593D8003E7075 /* CoinImageViewModel.swift in Sources */ = {isa = PBXBuildFile; fileRef = DDF6A7862B5593D8003E7075 /* CoinImageViewModel.swift */; };
		DDF6A7892B55B8B3003E7075 /* LocalFileManager.swift in Sources */ = {isa = PBXBuildFile; fileRef = DDF6A7882B55B8B3003E7075 /* LocalFileManager.swift */; };
		DDF6A78C2B5663CF003E7075 /* SearchBarView.swift in Sources */ = {isa = PBXBuildFile; fileRef = DDF6A78B2B5663CF003E7075 /* SearchBarView.swift */; };
		DDF6A78E2B566B05003E7075 /* UIApplication.swift in Sources */ = {isa = PBXBuildFile; fileRef = DDF6A78D2B566B05003E7075 /* UIApplication.swift */; };
		DDF6A7902B56722E003E7075 /* Statistic.swift in Sources */ = {isa = PBXBuildFile; fileRef = DDF6A78F2B56722E003E7075 /* Statistic.swift */; };
		DDF6A7932B56769E003E7075 /* StatisticView.swift in Sources */ = {isa = PBXBuildFile; fileRef = DDF6A7922B56769E003E7075 /* StatisticView.swift */; };
		DDF6A7952B56A7DB003E7075 /* HomeStatisticView.swift in Sources */ = {isa = PBXBuildFile; fileRef = DDF6A7942B56A7DB003E7075 /* HomeStatisticView.swift */; };
		DDF6A7972B56BB2E003E7075 /* MarketData.swift in Sources */ = {isa = PBXBuildFile; fileRef = DDF6A7962B56BB2E003E7075 /* MarketData.swift */; };
		DDF6A7992B56BE04003E7075 /* MarketDataService.swift in Sources */ = {isa = PBXBuildFile; fileRef = DDF6A7982B56BE04003E7075 /* MarketDataService.swift */; };
		DDF6A79B2B56C588003E7075 /* marketDataMock.json in Resources */ = {isa = PBXBuildFile; fileRef = DDF6A79A2B56C588003E7075 /* marketDataMock.json */; };
		DDF6A79D2B56EBCF003E7075 /* PortfolioView.swift in Sources */ = {isa = PBXBuildFile; fileRef = DDF6A79C2B56EBCF003E7075 /* PortfolioView.swift */; };
		DDF6A7A02B56ED8B003E7075 /* XMarkBtn.swift in Sources */ = {isa = PBXBuildFile; fileRef = DDF6A79F2B56ED8B003E7075 /* XMarkBtn.swift */; };
		DDF6A7A22B56F09A003E7075 /* CoinLogoView.swift in Sources */ = {isa = PBXBuildFile; fileRef = DDF6A7A12B56F09A003E7075 /* CoinLogoView.swift */; };
		DDF6A7A52B56FEC2003E7075 /* PortfolioContainer.xcdatamodeld in Sources */ = {isa = PBXBuildFile; fileRef = DDF6A7A32B56FEC2003E7075 /* PortfolioContainer.xcdatamodeld */; };
		DDF6A7A72B56FF78003E7075 /* PortfolioDataService.swift in Sources */ = {isa = PBXBuildFile; fileRef = DDF6A7A62B56FF78003E7075 /* PortfolioDataService.swift */; };
		DDF6A7A92B57138F003E7075 /* HapticManager.swift in Sources */ = {isa = PBXBuildFile; fileRef = DDF6A7A82B57138F003E7075 /* HapticManager.swift */; };
		DDF6A7AE2B57D7B1003E7075 /* DetailsView.swift in Sources */ = {isa = PBXBuildFile; fileRef = DDF6A7AD2B57D7B1003E7075 /* DetailsView.swift */; };
		DDF6A7B02B57E2A5003E7075 /* DetailsViewModel.swift in Sources */ = {isa = PBXBuildFile; fileRef = DDF6A7AF2B57E2A5003E7075 /* DetailsViewModel.swift */; };
		DDF6A7B22B57E355003E7075 /* CoinDetails.swift in Sources */ = {isa = PBXBuildFile; fileRef = DDF6A7B12B57E355003E7075 /* CoinDetails.swift */; };
		DDF6A7B52B57E40D003E7075 /* coinDetailsMock.json in Resources */ = {isa = PBXBuildFile; fileRef = DDF6A7B42B57E40D003E7075 /* coinDetailsMock.json */; };
		DDF6A7B72B57E67B003E7075 /* CoinDetailsDataService.swift in Sources */ = {isa = PBXBuildFile; fileRef = DDF6A7B62B57E67B003E7075 /* CoinDetailsDataService.swift */; };
		DDF6A7B92B57FDED003E7075 /* ChartView.swift in Sources */ = {isa = PBXBuildFile; fileRef = DDF6A7B82B57FDED003E7075 /* ChartView.swift */; };
		DDF6A7BB2B58050B003E7075 /* Date.swift in Sources */ = {isa = PBXBuildFile; fileRef = DDF6A7BA2B58050B003E7075 /* Date.swift */; };
/* End PBXBuildFile section */

/* Begin PBXFileReference section */
		DDF6A74B2B5552F4003E7075 /* CryptoProfilerIl.app */ = {isa = PBXFileReference; explicitFileType = wrapper.application; includeInIndex = 0; path = CryptoProfilerIl.app; sourceTree = BUILT_PRODUCTS_DIR; };
		DDF6A74E2B5552F4003E7075 /* CryptoProfilerIlApp.swift */ = {isa = PBXFileReference; lastKnownFileType = sourcecode.swift; path = CryptoProfilerIlApp.swift; sourceTree = "<group>"; };
		DDF6A7522B5552F5003E7075 /* Assets.xcassets */ = {isa = PBXFileReference; lastKnownFileType = folder.assetcatalog; path = Assets.xcassets; sourceTree = "<group>"; };
		DDF6A7552B5552F5003E7075 /* Preview Assets.xcassets */ = {isa = PBXFileReference; lastKnownFileType = folder.assetcatalog; path = "Preview Assets.xcassets"; sourceTree = "<group>"; };
		DDF6A75E2B5555E2003E7075 /* Color.swift */ = {isa = PBXFileReference; lastKnownFileType = sourcecode.swift; path = Color.swift; sourceTree = "<group>"; };
		DDF6A7602B55575F003E7075 /* Info.plist */ = {isa = PBXFileReference; lastKnownFileType = text.plist; path = Info.plist; sourceTree = "<group>"; };
		DDF6A7652B5557F5003E7075 /* HomeView.swift */ = {isa = PBXFileReference; lastKnownFileType = sourcecode.swift; path = HomeView.swift; sourceTree = "<group>"; };
		DDF6A7692B5558D6003E7075 /* CircleButtonView.swift */ = {isa = PBXFileReference; lastKnownFileType = sourcecode.swift; path = CircleButtonView.swift; sourceTree = "<group>"; };
		DDF6A76B2B555BC4003E7075 /* CircleButtonAnimationView.swift */ = {isa = PBXFileReference; lastKnownFileType = sourcecode.swift; path = CircleButtonAnimationView.swift; sourceTree = "<group>"; };
		DDF6A76E2B5562FC003E7075 /* Coin.swift */ = {isa = PBXFileReference; lastKnownFileType = sourcecode.swift; path = Coin.swift; sourceTree = "<group>"; };
		DDF6A7702B556A00003E7075 /* CoinRowView.swift */ = {isa = PBXFileReference; lastKnownFileType = sourcecode.swift; path = CoinRowView.swift; sourceTree = "<group>"; };
		DDF6A7722B556A5B003E7075 /* PreviewProvider.swift */ = {isa = PBXFileReference; lastKnownFileType = sourcecode.swift; path = PreviewProvider.swift; sourceTree = "<group>"; };
		DDF6A7742B556E8A003E7075 /* Double.swift */ = {isa = PBXFileReference; lastKnownFileType = sourcecode.swift; path = Double.swift; sourceTree = "<group>"; };
		DDF6A7762B55779B003E7075 /* HomeViewModel.swift */ = {isa = PBXFileReference; lastKnownFileType = sourcecode.swift; path = HomeViewModel.swift; sourceTree = "<group>"; };
		DDF6A7792B557F53003E7075 /* CoinDataService.swift */ = {isa = PBXFileReference; lastKnownFileType = sourcecode.swift; path = CoinDataService.swift; sourceTree = "<group>"; };
		DDF6A77C2B5585DA003E7075 /* NetworkingManager.swift */ = {isa = PBXFileReference; lastKnownFileType = sourcecode.swift; path = NetworkingManager.swift; sourceTree = "<group>"; };
		DDF6A77F2B558D99003E7075 /* cryptoMock.json */ = {isa = PBXFileReference; fileEncoding = 4; lastKnownFileType = text.json; path = cryptoMock.json; sourceTree = "<group>"; };
		DDF6A7822B55913D003E7075 /* CoinImageView.swift */ = {isa = PBXFileReference; lastKnownFileType = sourcecode.swift; path = CoinImageView.swift; sourceTree = "<group>"; };
		DDF6A7842B55929F003E7075 /* CoinImageService.swift */ = {isa = PBXFileReference; lastKnownFileType = sourcecode.swift; path = CoinImageService.swift; sourceTree = "<group>"; };
		DDF6A7862B5593D8003E7075 /* CoinImageViewModel.swift */ = {isa = PBXFileReference; lastKnownFileType = sourcecode.swift; path = CoinImageViewModel.swift; sourceTree = "<group>"; };
		DDF6A7882B55B8B3003E7075 /* LocalFileManager.swift */ = {isa = PBXFileReference; lastKnownFileType = sourcecode.swift; path = LocalFileManager.swift; sourceTree = "<group>"; };
		DDF6A78B2B5663CF003E7075 /* SearchBarView.swift */ = {isa = PBXFileReference; lastKnownFileType = sourcecode.swift; path = SearchBarView.swift; sourceTree = "<group>"; };
		DDF6A78D2B566B05003E7075 /* UIApplication.swift */ = {isa = PBXFileReference; lastKnownFileType = sourcecode.swift; path = UIApplication.swift; sourceTree = "<group>"; };
		DDF6A78F2B56722E003E7075 /* Statistic.swift */ = {isa = PBXFileReference; lastKnownFileType = sourcecode.swift; path = Statistic.swift; sourceTree = "<group>"; };
		DDF6A7922B56769E003E7075 /* StatisticView.swift */ = {isa = PBXFileReference; lastKnownFileType = sourcecode.swift; path = StatisticView.swift; sourceTree = "<group>"; };
		DDF6A7942B56A7DB003E7075 /* HomeStatisticView.swift */ = {isa = PBXFileReference; lastKnownFileType = sourcecode.swift; path = HomeStatisticView.swift; sourceTree = "<group>"; };
		DDF6A7962B56BB2E003E7075 /* MarketData.swift */ = {isa = PBXFileReference; lastKnownFileType = sourcecode.swift; path = MarketData.swift; sourceTree = "<group>"; };
		DDF6A7982B56BE04003E7075 /* MarketDataService.swift */ = {isa = PBXFileReference; lastKnownFileType = sourcecode.swift; path = MarketDataService.swift; sourceTree = "<group>"; };
		DDF6A79A2B56C588003E7075 /* marketDataMock.json */ = {isa = PBXFileReference; fileEncoding = 4; lastKnownFileType = text.json; path = marketDataMock.json; sourceTree = "<group>"; };
		DDF6A79C2B56EBCF003E7075 /* PortfolioView.swift */ = {isa = PBXFileReference; lastKnownFileType = sourcecode.swift; path = PortfolioView.swift; sourceTree = "<group>"; };
		DDF6A79F2B56ED8B003E7075 /* XMarkBtn.swift */ = {isa = PBXFileReference; lastKnownFileType = sourcecode.swift; path = XMarkBtn.swift; sourceTree = "<group>"; };
		DDF6A7A12B56F09A003E7075 /* CoinLogoView.swift */ = {isa = PBXFileReference; lastKnownFileType = sourcecode.swift; path = CoinLogoView.swift; sourceTree = "<group>"; };
		DDF6A7A42B56FEC2003E7075 /* PortfolioContainer.xcdatamodel */ = {isa = PBXFileReference; lastKnownFileType = wrapper.xcdatamodel; path = PortfolioContainer.xcdatamodel; sourceTree = "<group>"; };
		DDF6A7A62B56FF78003E7075 /* PortfolioDataService.swift */ = {isa = PBXFileReference; lastKnownFileType = sourcecode.swift; path = PortfolioDataService.swift; sourceTree = "<group>"; };
		DDF6A7A82B57138F003E7075 /* HapticManager.swift */ = {isa = PBXFileReference; lastKnownFileType = sourcecode.swift; path = HapticManager.swift; sourceTree = "<group>"; };
		DDF6A7AD2B57D7B1003E7075 /* DetailsView.swift */ = {isa = PBXFileReference; lastKnownFileType = sourcecode.swift; path = DetailsView.swift; sourceTree = "<group>"; };
		DDF6A7AF2B57E2A5003E7075 /* DetailsViewModel.swift */ = {isa = PBXFileReference; lastKnownFileType = sourcecode.swift; path = DetailsViewModel.swift; sourceTree = "<group>"; };
		DDF6A7B12B57E355003E7075 /* CoinDetails.swift */ = {isa = PBXFileReference; lastKnownFileType = sourcecode.swift; path = CoinDetails.swift; sourceTree = "<group>"; };
		DDF6A7B42B57E40D003E7075 /* coinDetailsMock.json */ = {isa = PBXFileReference; fileEncoding = 4; lastKnownFileType = text.json; path = coinDetailsMock.json; sourceTree = "<group>"; };
		DDF6A7B62B57E67B003E7075 /* CoinDetailsDataService.swift */ = {isa = PBXFileReference; lastKnownFileType = sourcecode.swift; path = CoinDetailsDataService.swift; sourceTree = "<group>"; };
		DDF6A7B82B57FDED003E7075 /* ChartView.swift */ = {isa = PBXFileReference; lastKnownFileType = sourcecode.swift; path = ChartView.swift; sourceTree = "<group>"; };
		DDF6A7BA2B58050B003E7075 /* Date.swift */ = {isa = PBXFileReference; lastKnownFileType = sourcecode.swift; path = Date.swift; sourceTree = "<group>"; };
/* End PBXFileReference section */

/* Begin PBXFrameworksBuildPhase section */
		DDF6A7482B5552F4003E7075 /* Frameworks */ = {
			isa = PBXFrameworksBuildPhase;
			buildActionMask = 2147483647;
			files = (
			);
			runOnlyForDeploymentPostprocessing = 0;
		};
/* End PBXFrameworksBuildPhase section */

/* Begin PBXGroup section */
		DDF6A7422B5552F4003E7075 = {
			isa = PBXGroup;
			children = (
				DDF6A74D2B5552F4003E7075 /* CryptoProfilerIl */,
				DDF6A74C2B5552F4003E7075 /* Products */,
			);
			sourceTree = "<group>";
		};
		DDF6A74C2B5552F4003E7075 /* Products */ = {
			isa = PBXGroup;
			children = (
				DDF6A74B2B5552F4003E7075 /* CryptoProfilerIl.app */,
			);
			name = Products;
			sourceTree = "<group>";
		};
		DDF6A74D2B5552F4003E7075 /* CryptoProfilerIl */ = {
			isa = PBXGroup;
			children = (
				DDF6A77E2B558D8D003E7075 /* Mock */,
				DDF6A75D2B5555D4003E7075 /* Extensions */,
				DDF6A77B2B5585A4003E7075 /* Utilities */,
				DDF6A7782B557EF9003E7075 /* Services */,
				DDF6A7612B5557B9003E7075 /* Core */,
				DDF6A7602B55575F003E7075 /* Info.plist */,
				DDF6A75C2B55536C003E7075 /* Resources */,
				DDF6A74E2B5552F4003E7075 /* CryptoProfilerIlApp.swift */,
				DDF6A7542B5552F5003E7075 /* Preview Content */,
			);
			path = CryptoProfilerIl;
			sourceTree = "<group>";
		};
		DDF6A7542B5552F5003E7075 /* Preview Content */ = {
			isa = PBXGroup;
			children = (
				DDF6A7552B5552F5003E7075 /* Preview Assets.xcassets */,
			);
			path = "Preview Content";
			sourceTree = "<group>";
		};
		DDF6A75C2B55536C003E7075 /* Resources */ = {
			isa = PBXGroup;
			children = (
				DDF6A7522B5552F5003E7075 /* Assets.xcassets */,
			);
			path = Resources;
			sourceTree = "<group>";
		};
		DDF6A75D2B5555D4003E7075 /* Extensions */ = {
			isa = PBXGroup;
			children = (
				DDF6A75E2B5555E2003E7075 /* Color.swift */,
				DDF6A7722B556A5B003E7075 /* PreviewProvider.swift */,
				DDF6A7742B556E8A003E7075 /* Double.swift */,
				DDF6A78D2B566B05003E7075 /* UIApplication.swift */,
				DDF6A7BA2B58050B003E7075 /* Date.swift */,
			);
			path = Extensions;
			sourceTree = "<group>";
		};
		DDF6A7612B5557B9003E7075 /* Core */ = {
			isa = PBXGroup;
			children = (
				DDF6A7672B5558AF003E7075 /* Components */,
				DDF6A7622B5557DC003E7075 /* Home */,
				DDF6A7AA2B57D78D003E7075 /* Details */,
			);
			path = Core;
			sourceTree = "<group>";
		};
		DDF6A7622B5557DC003E7075 /* Home */ = {
			isa = PBXGroup;
			children = (
				DDF6A7B32B57E385003E7075 /* Model */,
				DDF6A7642B5557E8003E7075 /* ViewModels */,
				DDF6A7632B5557E1003E7075 /* View */,
			);
			path = Home;
			sourceTree = "<group>";
		};
		DDF6A7632B5557E1003E7075 /* View */ = {
			isa = PBXGroup;
			children = (
				DDF6A7652B5557F5003E7075 /* HomeView.swift */,
				DDF6A7942B56A7DB003E7075 /* HomeStatisticView.swift */,
				DDF6A7702B556A00003E7075 /* CoinRowView.swift */,
				DDF6A79C2B56EBCF003E7075 /* PortfolioView.swift */,
			);
			path = View;
			sourceTree = "<group>";
		};
		DDF6A7642B5557E8003E7075 /* ViewModels */ = {
			isa = PBXGroup;
			children = (
				DDF6A7762B55779B003E7075 /* HomeViewModel.swift */,
			);
			path = ViewModels;
			sourceTree = "<group>";
		};
		DDF6A7672B5558AF003E7075 /* Components */ = {
			isa = PBXGroup;
			children = (
				DDF6A79E2B56ED79003E7075 /* XmarkBtn */,
				DDF6A7912B567690003E7075 /* Statistic */,
				DDF6A78A2B5663B8003E7075 /* SearchBar */,
				DDF6A7812B55910A003E7075 /* CoinImage */,
				DDF6A7682B5558C8003E7075 /* CircleButton */,
			);
			path = Components;
			sourceTree = "<group>";
		};
		DDF6A7682B5558C8003E7075 /* CircleButton */ = {
			isa = PBXGroup;
			children = (
				DDF6A7692B5558D6003E7075 /* CircleButtonView.swift */,
				DDF6A76B2B555BC4003E7075 /* CircleButtonAnimationView.swift */,
			);
			path = CircleButton;
			sourceTree = "<group>";
		};
		DDF6A76D2B5562E6003E7075 /* Models */ = {
			isa = PBXGroup;
			children = (
				DDF6A7B12B57E355003E7075 /* CoinDetails.swift */,
			);
			path = Models;
			sourceTree = "<group>";
		};
		DDF6A7782B557EF9003E7075 /* Services */ = {
			isa = PBXGroup;
			children = (
				DDF6A7792B557F53003E7075 /* CoinDataService.swift */,
				DDF6A7842B55929F003E7075 /* CoinImageService.swift */,
				DDF6A7982B56BE04003E7075 /* MarketDataService.swift */,
				DDF6A7A62B56FF78003E7075 /* PortfolioDataService.swift */,
				DDF6A7B62B57E67B003E7075 /* CoinDetailsDataService.swift */,
			);
			path = Services;
			sourceTree = "<group>";
		};
		DDF6A77B2B5585A4003E7075 /* Utilities */ = {
			isa = PBXGroup;
			children = (
				DDF6A77C2B5585DA003E7075 /* NetworkingManager.swift */,
				DDF6A7882B55B8B3003E7075 /* LocalFileManager.swift */,
				DDF6A7A82B57138F003E7075 /* HapticManager.swift */,
			);
			path = Utilities;
			sourceTree = "<group>";
		};
		DDF6A77E2B558D8D003E7075 /* Mock */ = {
			isa = PBXGroup;
			children = (
				DDF6A7B42B57E40D003E7075 /* coinDetailsMock.json */,
				DDF6A79A2B56C588003E7075 /* marketDataMock.json */,
				DDF6A77F2B558D99003E7075 /* cryptoMock.json */,
			);
			path = Mock;
			sourceTree = "<group>";
		};
		DDF6A7812B55910A003E7075 /* CoinImage */ = {
			isa = PBXGroup;
			children = (
				DDF6A7822B55913D003E7075 /* CoinImageView.swift */,
				DDF6A7862B5593D8003E7075 /* CoinImageViewModel.swift */,
				DDF6A7A12B56F09A003E7075 /* CoinLogoView.swift */,
			);
			path = CoinImage;
			sourceTree = "<group>";
		};
		DDF6A78A2B5663B8003E7075 /* SearchBar */ = {
			isa = PBXGroup;
			children = (
				DDF6A78B2B5663CF003E7075 /* SearchBarView.swift */,
			);
			path = SearchBar;
			sourceTree = "<group>";
		};
		DDF6A7912B567690003E7075 /* Statistic */ = {
			isa = PBXGroup;
			children = (
				DDF6A7922B56769E003E7075 /* StatisticView.swift */,
			);
			path = Statistic;
			sourceTree = "<group>";
		};
		DDF6A79E2B56ED79003E7075 /* XmarkBtn */ = {
			isa = PBXGroup;
			children = (
				DDF6A79F2B56ED8B003E7075 /* XMarkBtn.swift */,
			);
			path = XmarkBtn;
			sourceTree = "<group>";
		};
		DDF6A7AA2B57D78D003E7075 /* Details */ = {
			isa = PBXGroup;
			children = (
				DDF6A76D2B5562E6003E7075 /* Models */,
				DDF6A7AC2B57D7A4003E7075 /* Views */,
				DDF6A7AB2B57D79C003E7075 /* ViewModels */,
			);
			path = Details;
			sourceTree = "<group>";
		};
		DDF6A7AB2B57D79C003E7075 /* ViewModels */ = {
			isa = PBXGroup;
			children = (
				DDF6A7AF2B57E2A5003E7075 /* DetailsViewModel.swift */,
			);
			path = ViewModels;
			sourceTree = "<group>";
		};
		DDF6A7AC2B57D7A4003E7075 /* Views */ = {
			isa = PBXGroup;
			children = (
				DDF6A7AD2B57D7B1003E7075 /* DetailsView.swift */,
				DDF6A7B82B57FDED003E7075 /* ChartView.swift */,
			);
			path = Views;
			sourceTree = "<group>";
		};
		DDF6A7B32B57E385003E7075 /* Model */ = {
			isa = PBXGroup;
			children = (
				DDF6A7A32B56FEC2003E7075 /* PortfolioContainer.xcdatamodeld */,
				DDF6A7962B56BB2E003E7075 /* MarketData.swift */,
				DDF6A78F2B56722E003E7075 /* Statistic.swift */,
				DDF6A76E2B5562FC003E7075 /* Coin.swift */,
			);
			path = Model;
			sourceTree = "<group>";
		};
/* End PBXGroup section */

/* Begin PBXNativeTarget section */
		DDF6A74A2B5552F4003E7075 /* CryptoProfilerIl */ = {
			isa = PBXNativeTarget;
			buildConfigurationList = DDF6A7592B5552F5003E7075 /* Build configuration list for PBXNativeTarget "CryptoProfilerIl" */;
			buildPhases = (
				DDF6A7472B5552F4003E7075 /* Sources */,
				DDF6A7482B5552F4003E7075 /* Frameworks */,
				DDF6A7492B5552F4003E7075 /* Resources */,
			);
			buildRules = (
			);
			dependencies = (
			);
			name = CryptoProfilerIl;
			productName = CryptoProfilerIl;
			productReference = DDF6A74B2B5552F4003E7075 /* CryptoProfilerIl.app */;
			productType = "com.apple.product-type.application";
		};
/* End PBXNativeTarget section */

/* Begin PBXProject section */
		DDF6A7432B5552F4003E7075 /* Project object */ = {
			isa = PBXProject;
			attributes = {
				BuildIndependentTargetsInParallel = 1;
				LastSwiftUpdateCheck = 1510;
				LastUpgradeCheck = 1510;
				TargetAttributes = {
					DDF6A74A2B5552F4003E7075 = {
						CreatedOnToolsVersion = 15.1;
					};
				};
			};
			buildConfigurationList = DDF6A7462B5552F4003E7075 /* Build configuration list for PBXProject "CryptoProfilerIl" */;
			compatibilityVersion = "Xcode 14.0";
			developmentRegion = en;
			hasScannedForEncodings = 0;
			knownRegions = (
				en,
				Base,
			);
			mainGroup = DDF6A7422B5552F4003E7075;
			productRefGroup = DDF6A74C2B5552F4003E7075 /* Products */;
			projectDirPath = "";
			projectRoot = "";
			targets = (
				DDF6A74A2B5552F4003E7075 /* CryptoProfilerIl */,
			);
		};
/* End PBXProject section */

/* Begin PBXResourcesBuildPhase section */
		DDF6A7492B5552F4003E7075 /* Resources */ = {
			isa = PBXResourcesBuildPhase;
			buildActionMask = 2147483647;
			files = (
				DDF6A7562B5552F5003E7075 /* Preview Assets.xcassets in Resources */,
				DDF6A7B52B57E40D003E7075 /* coinDetailsMock.json in Resources */,
				DDF6A7532B5552F5003E7075 /* Assets.xcassets in Resources */,
				DDF6A7802B558D99003E7075 /* cryptoMock.json in Resources */,
				DDF6A79B2B56C588003E7075 /* marketDataMock.json in Resources */,
			);
			runOnlyForDeploymentPostprocessing = 0;
		};
/* End PBXResourcesBuildPhase section */

/* Begin PBXSourcesBuildPhase section */
		DDF6A7472B5552F4003E7075 /* Sources */ = {
			isa = PBXSourcesBuildPhase;
			buildActionMask = 2147483647;
			files = (
				DDF6A7902B56722E003E7075 /* Statistic.swift in Sources */,
				DDF6A7992B56BE04003E7075 /* MarketDataService.swift in Sources */,
				DDF6A7A22B56F09A003E7075 /* CoinLogoView.swift in Sources */,
				DDF6A7932B56769E003E7075 /* StatisticView.swift in Sources */,
				DDF6A78E2B566B05003E7075 /* UIApplication.swift in Sources */,
				DDF6A7A52B56FEC2003E7075 /* PortfolioContainer.xcdatamodeld in Sources */,
				DDF6A7872B5593D8003E7075 /* CoinImageViewModel.swift in Sources */,
				DDF6A7832B55913D003E7075 /* CoinImageView.swift in Sources */,
				DDF6A7712B556A00003E7075 /* CoinRowView.swift in Sources */,
				DDF6A79D2B56EBCF003E7075 /* PortfolioView.swift in Sources */,
				DDF6A7772B55779B003E7075 /* HomeViewModel.swift in Sources */,
				DDF6A7AE2B57D7B1003E7075 /* DetailsView.swift in Sources */,
				DDF6A7662B5557F5003E7075 /* HomeView.swift in Sources */,
				DDF6A74F2B5552F4003E7075 /* CryptoProfilerIlApp.swift in Sources */,
				DDF6A76A2B5558D6003E7075 /* CircleButtonView.swift in Sources */,
				DDF6A7892B55B8B3003E7075 /* LocalFileManager.swift in Sources */,
				DDF6A7BB2B58050B003E7075 /* Date.swift in Sources */,
				DDF6A75F2B5555E2003E7075 /* Color.swift in Sources */,
				DDF6A7B22B57E355003E7075 /* CoinDetails.swift in Sources */,
				DDF6A76C2B555BC4003E7075 /* CircleButtonAnimationView.swift in Sources */,
				DDF6A7732B556A5B003E7075 /* PreviewProvider.swift in Sources */,
				DDF6A7B72B57E67B003E7075 /* CoinDetailsDataService.swift in Sources */,
				DDF6A7A72B56FF78003E7075 /* PortfolioDataService.swift in Sources */,
				DDF6A7752B556E8A003E7075 /* Double.swift in Sources */,
				DDF6A7972B56BB2E003E7075 /* MarketData.swift in Sources */,
				DDF6A77D2B5585DA003E7075 /* NetworkingManager.swift in Sources */,
				DDF6A76F2B5562FC003E7075 /* Coin.swift in Sources */,
				DDF6A7852B55929F003E7075 /* CoinImageService.swift in Sources */,
				DDF6A7B92B57FDED003E7075 /* ChartView.swift in Sources */,
				DDF6A7A92B57138F003E7075 /* HapticManager.swift in Sources */,
				DDF6A7952B56A7DB003E7075 /* HomeStatisticView.swift in Sources */,
				DDF6A7A02B56ED8B003E7075 /* XMarkBtn.swift in Sources */,
				DDF6A7B02B57E2A5003E7075 /* DetailsViewModel.swift in Sources */,
				DDF6A78C2B5663CF003E7075 /* SearchBarView.swift in Sources */,
				DDF6A77A2B557F53003E7075 /* CoinDataService.swift in Sources */,
			);
			runOnlyForDeploymentPostprocessing = 0;
		};
/* End PBXSourcesBuildPhase section */

/* Begin XCBuildConfiguration section */
		DDF6A7572B5552F5003E7075 /* Debug */ = {
			isa = XCBuildConfiguration;
			buildSettings = {
				ALWAYS_SEARCH_USER_PATHS = NO;
				ASSETCATALOG_COMPILER_GENERATE_SWIFT_ASSET_SYMBOL_EXTENSIONS = YES;
				CLANG_ANALYZER_NONNULL = YES;
				CLANG_ANALYZER_NUMBER_OBJECT_CONVERSION = YES_AGGRESSIVE;
				CLANG_CXX_LANGUAGE_STANDARD = "gnu++20";
				CLANG_ENABLE_MODULES = YES;
				CLANG_ENABLE_OBJC_ARC = YES;
				CLANG_ENABLE_OBJC_WEAK = YES;
				CLANG_WARN_BLOCK_CAPTURE_AUTORELEASING = YES;
				CLANG_WARN_BOOL_CONVERSION = YES;
				CLANG_WARN_COMMA = YES;
				CLANG_WARN_CONSTANT_CONVERSION = YES;
				CLANG_WARN_DEPRECATED_OBJC_IMPLEMENTATIONS = YES;
				CLANG_WARN_DIRECT_OBJC_ISA_USAGE = YES_ERROR;
				CLANG_WARN_DOCUMENTATION_COMMENTS = YES;
				CLANG_WARN_EMPTY_BODY = YES;
				CLANG_WARN_ENUM_CONVERSION = YES;
				CLANG_WARN_INFINITE_RECURSION = YES;
				CLANG_WARN_INT_CONVERSION = YES;
				CLANG_WARN_NON_LITERAL_NULL_CONVERSION = YES;
				CLANG_WARN_OBJC_IMPLICIT_RETAIN_SELF = YES;
				CLANG_WARN_OBJC_LITERAL_CONVERSION = YES;
				CLANG_WARN_OBJC_ROOT_CLASS = YES_ERROR;
				CLANG_WARN_QUOTED_INCLUDE_IN_FRAMEWORK_HEADER = YES;
				CLANG_WARN_RANGE_LOOP_ANALYSIS = YES;
				CLANG_WARN_STRICT_PROTOTYPES = YES;
				CLANG_WARN_SUSPICIOUS_MOVE = YES;
				CLANG_WARN_UNGUARDED_AVAILABILITY = YES_AGGRESSIVE;
				CLANG_WARN_UNREACHABLE_CODE = YES;
				CLANG_WARN__DUPLICATE_METHOD_MATCH = YES;
				COPY_PHASE_STRIP = NO;
				DEBUG_INFORMATION_FORMAT = dwarf;
				ENABLE_STRICT_OBJC_MSGSEND = YES;
				ENABLE_TESTABILITY = YES;
				ENABLE_USER_SCRIPT_SANDBOXING = YES;
				GCC_C_LANGUAGE_STANDARD = gnu17;
				GCC_DYNAMIC_NO_PIC = NO;
				GCC_NO_COMMON_BLOCKS = YES;
				GCC_OPTIMIZATION_LEVEL = 0;
				GCC_PREPROCESSOR_DEFINITIONS = (
					"DEBUG=1",
					"$(inherited)",
				);
				GCC_WARN_64_TO_32_BIT_CONVERSION = YES;
				GCC_WARN_ABOUT_RETURN_TYPE = YES_ERROR;
				GCC_WARN_UNDECLARED_SELECTOR = YES;
				GCC_WARN_UNINITIALIZED_AUTOS = YES_AGGRESSIVE;
				GCC_WARN_UNUSED_FUNCTION = YES;
				GCC_WARN_UNUSED_VARIABLE = YES;
				IPHONEOS_DEPLOYMENT_TARGET = 17.2;
				LOCALIZATION_PREFERS_STRING_CATALOGS = YES;
				MTL_ENABLE_DEBUG_INFO = INCLUDE_SOURCE;
				MTL_FAST_MATH = YES;
				ONLY_ACTIVE_ARCH = YES;
				SDKROOT = iphoneos;
				SWIFT_ACTIVE_COMPILATION_CONDITIONS = "DEBUG $(inherited)";
				SWIFT_OPTIMIZATION_LEVEL = "-Onone";
			};
			name = Debug;
		};
		DDF6A7582B5552F5003E7075 /* Release */ = {
			isa = XCBuildConfiguration;
			buildSettings = {
				ALWAYS_SEARCH_USER_PATHS = NO;
				ASSETCATALOG_COMPILER_GENERATE_SWIFT_ASSET_SYMBOL_EXTENSIONS = YES;
				CLANG_ANALYZER_NONNULL = YES;
				CLANG_ANALYZER_NUMBER_OBJECT_CONVERSION = YES_AGGRESSIVE;
				CLANG_CXX_LANGUAGE_STANDARD = "gnu++20";
				CLANG_ENABLE_MODULES = YES;
				CLANG_ENABLE_OBJC_ARC = YES;
				CLANG_ENABLE_OBJC_WEAK = YES;
				CLANG_WARN_BLOCK_CAPTURE_AUTORELEASING = YES;
				CLANG_WARN_BOOL_CONVERSION = YES;
				CLANG_WARN_COMMA = YES;
				CLANG_WARN_CONSTANT_CONVERSION = YES;
				CLANG_WARN_DEPRECATED_OBJC_IMPLEMENTATIONS = YES;
				CLANG_WARN_DIRECT_OBJC_ISA_USAGE = YES_ERROR;
				CLANG_WARN_DOCUMENTATION_COMMENTS = YES;
				CLANG_WARN_EMPTY_BODY = YES;
				CLANG_WARN_ENUM_CONVERSION = YES;
				CLANG_WARN_INFINITE_RECURSION = YES;
				CLANG_WARN_INT_CONVERSION = YES;
				CLANG_WARN_NON_LITERAL_NULL_CONVERSION = YES;
				CLANG_WARN_OBJC_IMPLICIT_RETAIN_SELF = YES;
				CLANG_WARN_OBJC_LITERAL_CONVERSION = YES;
				CLANG_WARN_OBJC_ROOT_CLASS = YES_ERROR;
				CLANG_WARN_QUOTED_INCLUDE_IN_FRAMEWORK_HEADER = YES;
				CLANG_WARN_RANGE_LOOP_ANALYSIS = YES;
				CLANG_WARN_STRICT_PROTOTYPES = YES;
				CLANG_WARN_SUSPICIOUS_MOVE = YES;
				CLANG_WARN_UNGUARDED_AVAILABILITY = YES_AGGRESSIVE;
				CLANG_WARN_UNREACHABLE_CODE = YES;
				CLANG_WARN__DUPLICATE_METHOD_MATCH = YES;
				COPY_PHASE_STRIP = NO;
				DEBUG_INFORMATION_FORMAT = "dwarf-with-dsym";
				ENABLE_NS_ASSERTIONS = NO;
				ENABLE_STRICT_OBJC_MSGSEND = YES;
				ENABLE_USER_SCRIPT_SANDBOXING = YES;
				GCC_C_LANGUAGE_STANDARD = gnu17;
				GCC_NO_COMMON_BLOCKS = YES;
				GCC_WARN_64_TO_32_BIT_CONVERSION = YES;
				GCC_WARN_ABOUT_RETURN_TYPE = YES_ERROR;
				GCC_WARN_UNDECLARED_SELECTOR = YES;
				GCC_WARN_UNINITIALIZED_AUTOS = YES_AGGRESSIVE;
				GCC_WARN_UNUSED_FUNCTION = YES;
				GCC_WARN_UNUSED_VARIABLE = YES;
				IPHONEOS_DEPLOYMENT_TARGET = 17.2;
				LOCALIZATION_PREFERS_STRING_CATALOGS = YES;
				MTL_ENABLE_DEBUG_INFO = NO;
				MTL_FAST_MATH = YES;
				SDKROOT = iphoneos;
				SWIFT_COMPILATION_MODE = wholemodule;
				VALIDATE_PRODUCT = YES;
			};
			name = Release;
		};
		DDF6A75A2B5552F5003E7075 /* Debug */ = {
			isa = XCBuildConfiguration;
			buildSettings = {
				ASSETCATALOG_COMPILER_APPICON_NAME = AppIcon;
				ASSETCATALOG_COMPILER_GLOBAL_ACCENT_COLOR_NAME = AccentColor;
				CODE_SIGN_STYLE = Automatic;
				CURRENT_PROJECT_VERSION = 1;
				DEVELOPMENT_ASSET_PATHS = "\"CryptoProfilerIl/Preview Content\"";
				DEVELOPMENT_TEAM = 8YD26RK344;
				ENABLE_PREVIEWS = YES;
				GENERATE_INFOPLIST_FILE = YES;
				INFOPLIST_FILE = CryptoProfilerIl/Info.plist;
				INFOPLIST_KEY_CFBundleDisplayName = "Crypto Profiler";
				INFOPLIST_KEY_UIApplicationSceneManifest_Generation = YES;
				INFOPLIST_KEY_UIApplicationSupportsIndirectInputEvents = YES;
				INFOPLIST_KEY_UILaunchScreen_Generation = YES;
				INFOPLIST_KEY_UISupportedInterfaceOrientations = UIInterfaceOrientationPortrait;
				INFOPLIST_KEY_UISupportedInterfaceOrientations_iPad = "UIInterfaceOrientationPortrait UIInterfaceOrientationPortraitUpsideDown";
				IPHONEOS_DEPLOYMENT_TARGET = 14.0;
				LD_RUNPATH_SEARCH_PATHS = (
					"$(inherited)",
					"@executable_path/Frameworks",
				);
				MARKETING_VERSION = 1.0;
				PRODUCT_BUNDLE_IDENTIFIER = com.CryptoProfilerIl;
				PRODUCT_NAME = "$(TARGET_NAME)";
				SUPPORTED_PLATFORMS = "iphoneos iphonesimulator";
				SUPPORTS_MACCATALYST = NO;
				SUPPORTS_MAC_DESIGNED_FOR_IPHONE_IPAD = NO;
				SWIFT_EMIT_LOC_STRINGS = YES;
				SWIFT_VERSION = 5.0;
				TARGETED_DEVICE_FAMILY = "1,2";
			};
			name = Debug;
		};
		DDF6A75B2B5552F5003E7075 /* Release */ = {
			isa = XCBuildConfiguration;
			buildSettings = {
				ASSETCATALOG_COMPILER_APPICON_NAME = AppIcon;
				ASSETCATALOG_COMPILER_GLOBAL_ACCENT_COLOR_NAME = AccentColor;
				CODE_SIGN_STYLE = Automatic;
				CURRENT_PROJECT_VERSION = 1;
				DEVELOPMENT_ASSET_PATHS = "\"CryptoProfilerIl/Preview Content\"";
				DEVELOPMENT_TEAM = 8YD26RK344;
				ENABLE_PREVIEWS = YES;
				GENERATE_INFOPLIST_FILE = YES;
				INFOPLIST_FILE = CryptoProfilerIl/Info.plist;
				INFOPLIST_KEY_CFBundleDisplayName = "Crypto Profiler";
				INFOPLIST_KEY_UIApplicationSceneManifest_Generation = YES;
				INFOPLIST_KEY_UIApplicationSupportsIndirectInputEvents = YES;
				INFOPLIST_KEY_UILaunchScreen_Generation = YES;
				INFOPLIST_KEY_UISupportedInterfaceOrientations = UIInterfaceOrientationPortrait;
				INFOPLIST_KEY_UISupportedInterfaceOrientations_iPad = "UIInterfaceOrientationPortrait UIInterfaceOrientationPortraitUpsideDown";
				IPHONEOS_DEPLOYMENT_TARGET = 14.0;
				LD_RUNPATH_SEARCH_PATHS = (
					"$(inherited)",
					"@executable_path/Frameworks",
				);
				MARKETING_VERSION = 1.0;
				PRODUCT_BUNDLE_IDENTIFIER = com.CryptoProfilerIl;
				PRODUCT_NAME = "$(TARGET_NAME)";
				SUPPORTED_PLATFORMS = "iphoneos iphonesimulator";
				SUPPORTS_MACCATALYST = NO;
				SUPPORTS_MAC_DESIGNED_FOR_IPHONE_IPAD = NO;
				SWIFT_EMIT_LOC_STRINGS = YES;
				SWIFT_VERSION = 5.0;
				TARGETED_DEVICE_FAMILY = "1,2";
			};
			name = Release;
		};
/* End XCBuildConfiguration section */

/* Begin XCConfigurationList section */
		DDF6A7462B5552F4003E7075 /* Build configuration list for PBXProject "CryptoProfilerIl" */ = {
			isa = XCConfigurationList;
			buildConfigurations = (
				DDF6A7572B5552F5003E7075 /* Debug */,
				DDF6A7582B5552F5003E7075 /* Release */,
			);
			defaultConfigurationIsVisible = 0;
			defaultConfigurationName = Release;
		};
		DDF6A7592B5552F5003E7075 /* Build configuration list for PBXNativeTarget "CryptoProfilerIl" */ = {
			isa = XCConfigurationList;
			buildConfigurations = (
				DDF6A75A2B5552F5003E7075 /* Debug */,
				DDF6A75B2B5552F5003E7075 /* Release */,
			);
			defaultConfigurationIsVisible = 0;
			defaultConfigurationName = Release;
		};
/* End XCConfigurationList section */

/* Begin XCVersionGroup section */
		DDF6A7A32B56FEC2003E7075 /* PortfolioContainer.xcdatamodeld */ = {
			isa = XCVersionGroup;
			children = (
				DDF6A7A42B56FEC2003E7075 /* PortfolioContainer.xcdatamodel */,
			);
			currentVersion = DDF6A7A42B56FEC2003E7075 /* PortfolioContainer.xcdatamodel */;
			path = PortfolioContainer.xcdatamodeld;
			sourceTree = "<group>";
			versionGroupType = wrapper.xcdatamodel;
		};
/* End XCVersionGroup section */
	};
	rootObject = DDF6A7432B5552F4003E7075 /* Project object */;
}
